Microsoft Visual Studio Solution File, Format Version 12.00
# Visual Studio Version 17
VisualStudioVersion = 17.5.2.0
MinimumVisualStudioVersion = 10.0.40219.1
Project("{FAE04EC0-301F-11D3-BF4B-00C04F79EFBC}") = "WorshipPad", "WorshipPad.csproj", "{B9286129-4FE6-C51C-65F5-4019CA0B35A5}"
EndProject
Global
	GlobalSection(SolutionConfigurationPlatforms) = preSolution
		Debug|Any CPU = Debug|Any CPU
		Release|Any CPU = Release|Any CPU
	EndGlobalSection
	GlobalSection(ProjectConfigurationPlatforms) = postSolution
		{B9286129-4FE6-C51C-65F5-4019CA0B35A5}.Debug|Any CPU.ActiveCfg = Debug|Any CPU
		{B9286129-4FE6-C51C-65F5-4019CA0B35A5}.Debug|Any CPU.Build.0 = Debug|Any CPU
		{B9286129-4FE6-C51C-65F5-4019CA0B35A5}.Release|Any CPU.ActiveCfg = Release|Any CPU
		{B9286129-4FE6-C51C-65F5-4019CA0B35A5}.Release|Any CPU.Build.0 = Release|Any CPU
	EndGlobalSection
	GlobalSection(SolutionProperties) = preSolution
		HideSolutionNode = FALSE
	EndGlobalSection
	GlobalSection(ExtensibilityGlobals) = postSolution
		SolutionGuid = {5AFD6C36-1570-4968-846B-4A4A78FCFBB0}
	EndGlobalSection
EndGlobal
